{
  "name": "@zhengke-cli-dev/exec",
  "version": "1.0.7",
  "lockfileVersion": 2,
  "requires": true,
  "packages": {
    "": {
      "name": "@zhengke-cli-dev/exec",
      "version": "1.0.4",
      "license": "ISC",
      "dependencies": {
        "@zhengke-cli-dev/log": "file:../../utils/log",
        "@zhengke-cli-dev/package": "file:../../models/package",
        "@zhengke-cli-dev/utils": "file:../../utils/utils"
      }
    },
    "../../models/package": {
      "name": "@zhengke-cli-dev/package",
      "version": "1.0.4",
      "license": "ISC",
      "dependencies": {
        "@zhengke-cli-dev/format-path": "file:../../utils/format-path",
        "@zhengke-cli-dev/get-npm-info": "file:../../utils/get-npm-info",
        "@zhengke-cli-dev/log": "file:../../utils/log",
        "@zhengke-cli-dev/utils": "file:../../utils/utils",
        "colors": "^1.4.0",
        "fs-extra": "^10.1.0",
        "npminstall": "^6.1.0",
        "path-exists": "^4.0.0",
        "pkg-dir": "^5.0.0"
      }
    },
    "../../utils/log": {
      "name": "@zhengke-cli-dev/log",
      "version": "1.0.4",
      "license": "ISC",
      "dependencies": {
        "npmlog": "^6.0.2"
      }
    },
    "../../utils/utils": {
      "name": "@zhengke-cli-dev/utils",
      "version": "1.0.4",
      "license": "ISC"
    },
    "node_modules/@zhengke-cli-dev/log": {
      "resolved": "../../utils/log",
      "link": true
    },
    "node_modules/@zhengke-cli-dev/package": {
      "resolved": "../../models/package",
      "link": true
    },
    "node_modules/@zhengke-cli-dev/utils": {
      "resolved": "../../utils/utils",
      "link": true
    }
  },
  "dependencies": {
    "@zhengke-cli-dev/log": {
      "version": "file:../../utils/log",
      "requires": {
        "npmlog": "^6.0.2"
      }
    },
    "@zhengke-cli-dev/package": {
      "version": "file:../../models/package",
      "requires": {
        "@zhengke-cli-dev/format-path": "file:../../utils/format-path",
        "@zhengke-cli-dev/get-npm-info": "file:../../utils/get-npm-info",
        "@zhengke-cli-dev/log": "file:../../utils/log",
        "@zhengke-cli-dev/utils": "file:../../utils/utils",
        "colors": "^1.4.0",
        "fs-extra": "^10.1.0",
        "npminstall": "^6.1.0",
        "path-exists": "^4.0.0",
        "pkg-dir": "^5.0.0"
      }
    },
    "@zhengke-cli-dev/utils": {
      "version": "file:../../utils/utils"
    }
  }
}
